
Microsoft Visual Studio Solution File, Format Version 12.00
# Visual Studio Version 17
VisualStudioVersion = 17.7.34031.279
MinimumVisualStudioVersion = 10.0.40219.1
Project("{FAE04EC0-301F-11D3-BF4B-00C04F79EFBC}") = "Sounders", "Sounders\Sounders.csproj", "{FEDDF9AD-F76A-40DD-9D46-7C52957DC4E8}"
EndProject
Global
	GlobalSection(SolutionConfigurationPlatforms) = preSolution
		Debug|Any CPU = Debug|Any CPU
		Release|Any CPU = Release|Any CPU
	EndGlobalSection
	GlobalSection(ProjectConfigurationPlatforms) = postSolution
		{FEDDF9AD-F76A-40DD-9D46-7C52957DC4E8}.Debug|Any CPU.ActiveCfg = Debug|Any CPU
		{FEDDF9AD-F76A-40DD-9D46-7C52957DC4E8}.Debug|Any CPU.Build.0 = Debug|Any CPU
		{FEDDF9AD-F76A-40DD-9D46-7C52957DC4E8}.Release|Any CPU.ActiveCfg = Release|Any CPU
		{FEDDF9AD-F76A-40DD-9D46-7C52957DC4E8}.Release|Any CPU.Build.0 = Release|Any CPU
	EndGlobalSection
	GlobalSection(SolutionProperties) = preSolution
		HideSolutionNode = FALSE
	EndGlobalSection
	GlobalSection(ExtensibilityGlobals) = postSolution
		SolutionGuid = {1701FBAF-41A2-4BF3-BB42-2717E7EF78D6}
	EndGlobalSection
EndGlobal
